
Microsoft Visual Studio Solution File, Format Version 12.00
# Visual Studio Version 17
VisualStudioVersion = 17.14.36221.1
MinimumVisualStudioVersion = 10.0.40219.1
Project("{FAE04EC0-301F-11D3-BF4B-00C04F79EFBC}") = "QuickLaunch", "QuickLaunch.csproj", "{ECA0591C-E459-45AC-A79C-F410B807BF49}"
EndProject
Global
	GlobalSection(SolutionConfigurationPlatforms) = preSolution
		Debug|Any CPU = Debug|Any CPU
		Debug|x64 = Debug|x64
		Release|Any CPU = Release|Any CPU
		Release|x64 = Release|x64
	EndGlobalSection
	GlobalSection(ProjectConfigurationPlatforms) = postSolution
		{ECA0591C-E459-45AC-A79C-F410B807BF49}.Debug|Any CPU.ActiveCfg = Debug|Any CPU
		{ECA0591C-E459-45AC-A79C-F410B807BF49}.Debug|Any CPU.Build.0 = Debug|Any CPU
		{ECA0591C-E459-45AC-A79C-F410B807BF49}.Debug|x64.ActiveCfg = Debug|x64
		{ECA0591C-E459-45AC-A79C-F410B807BF49}.Debug|x64.Build.0 = Debug|x64
		{ECA0591C-E459-45AC-A79C-F410B807BF49}.Release|Any CPU.ActiveCfg = Release|Any CPU
		{ECA0591C-E459-45AC-A79C-F410B807BF49}.Release|Any CPU.Build.0 = Release|Any CPU
		{ECA0591C-E459-45AC-A79C-F410B807BF49}.Release|x64.ActiveCfg = Release|x64
		{ECA0591C-E459-45AC-A79C-F410B807BF49}.Release|x64.Build.0 = Release|x64
	EndGlobalSection
	GlobalSection(SolutionProperties) = preSolution
		HideSolutionNode = FALSE
	EndGlobalSection
	GlobalSection(ExtensibilityGlobals) = postSolution
		SolutionGuid = {157D074D-8962-4C80-B2FA-9CA0A32DD0BC}
	EndGlobalSection
EndGlobal
